
Microsoft Visual Studio Solution File, Format Version 12.00
# Visual Studio Version 17
VisualStudioVersion = 17.14.36203.30
MinimumVisualStudioVersion = 10.0.40219.1
Project("{FAE04EC0-301F-11D3-BF4B-00C04F79EFBC}") = "vista usuario", "login ferrando\vista usuario.csproj", "{0561E77D-C08E-45F1-9D7D-73983A1E1808}"
EndProject
Project("{FAE04EC0-301F-11D3-BF4B-00C04F79EFBC}") = "logica", "logica\logica.csproj", "{6044F26C-4AF8-4374-B8B8-D5650D87C8D3}"
EndProject
Project("{FAE04EC0-301F-11D3-BF4B-00C04F79EFBC}") = "datos", "datos\datos.csproj", "{C6F99A4D-C37F-4E84-91B7-DC61E8653545}"
EndProject
Global
	GlobalSection(SolutionConfigurationPlatforms) = preSolution
		Debug|Any CPU = Debug|Any CPU
		Release|Any CPU = Release|Any CPU
	EndGlobalSection
	GlobalSection(ProjectConfigurationPlatforms) = postSolution
		{0561E77D-C08E-45F1-9D7D-73983A1E1808}.Debug|Any CPU.ActiveCfg = Debug|Any CPU
		{0561E77D-C08E-45F1-9D7D-73983A1E1808}.Debug|Any CPU.Build.0 = Debug|Any CPU
		{0561E77D-C08E-45F1-9D7D-73983A1E1808}.Release|Any CPU.ActiveCfg = Release|Any CPU
		{0561E77D-C08E-45F1-9D7D-73983A1E1808}.Release|Any CPU.Build.0 = Release|Any CPU
		{6044F26C-4AF8-4374-B8B8-D5650D87C8D3}.Debug|Any CPU.ActiveCfg = Debug|Any CPU
		{6044F26C-4AF8-4374-B8B8-D5650D87C8D3}.Debug|Any CPU.Build.0 = Debug|Any CPU
		{6044F26C-4AF8-4374-B8B8-D5650D87C8D3}.Release|Any CPU.ActiveCfg = Release|Any CPU
		{6044F26C-4AF8-4374-B8B8-D5650D87C8D3}.Release|Any CPU.Build.0 = Release|Any CPU
		{C6F99A4D-C37F-4E84-91B7-DC61E8653545}.Debug|Any CPU.ActiveCfg = Debug|Any CPU
		{C6F99A4D-C37F-4E84-91B7-DC61E8653545}.Debug|Any CPU.Build.0 = Debug|Any CPU
		{C6F99A4D-C37F-4E84-91B7-DC61E8653545}.Release|Any CPU.ActiveCfg = Release|Any CPU
		{C6F99A4D-C37F-4E84-91B7-DC61E8653545}.Release|Any CPU.Build.0 = Release|Any CPU
	EndGlobalSection
	GlobalSection(SolutionProperties) = preSolution
		HideSolutionNode = FALSE
	EndGlobalSection
	GlobalSection(ExtensibilityGlobals) = postSolution
		SolutionGuid = {425AEE36-F6C2-455D-9C34-2ECF52349FD2}
	EndGlobalSection
EndGlobal
